# This file is autogenerated, do not edit; changes may be undone by the next 'dep ensure'.


[[projects]]
  digest = "1:998cf998358a303ac2430c386ba3fd3398477d6013153d3c6e11432765cc9ae6"
  name = "github.com/cespare/xxhash"
  packages = ["."]
  pruneopts = "UT"
  revision = "3b82fb7d186719faeedd0c2864f868c74fbf79a1"
  version = "v2.0.0"

[[projects]]
  digest = "1:48092bf6632f55839850666c33469f546f6d45fdbd59a66759ec12e84d853dc2"
  name = "github.com/gogo/protobuf"
  packages = ["proto"]
  pruneopts = "UT"
  revision = "ba06b47c162d49f2af050fb4c75bcbc86a159d5c"
  version = "v1.2.1"

[[projects]]
  digest = "1:97df918963298c287643883209a2c3f642e6593379f97ab400c2a2e219ab647d"
  name = "github.com/golang/protobuf"
  packages = ["proto"]
  pruneopts = "UT"
  revision = "aa810b61a9c79d51363740d207bb46cf8e620ed5"
  version = "v1.2.0"

[[projects]]
  digest = "1:e4f5819333ac698d294fe04dbf640f84719658d5c7ce195b10060cc37292ce79"
  name = "github.com/golang/snappy"
  packages = ["."]
  pruneopts = "UT"
  revision = "2a8bb927dd31d8daada140a5d09578521ce5c36a"
  version = "v0.0.1"

[[projects]]
  digest = "1:ee5c1cf480b412a3211800d975e624b5eb23c9bec5b4b303a3ab8434f881b706"
  name = "github.com/google/gopacket"
  packages = [
    ".",
    "layers",
    "pcap",
  ]
  pruneopts = "UT"
  revision = "7f3fc6cbbb499248dca53da7fe3ed6c25a78d22f"
  version = "v1.1.16"

[[projects]]
  digest = "1:870d441fe217b8e689d7949fef6e43efbc787e50f200cb1e70dbca9204a1d6be"
  name = "github.com/inconshreveable/mousetrap"
  packages = ["."]
  pruneopts = "UT"
  revision = "76626ae9c91c4f2a10f34cad8ce83ea42c93bb75"
  version = "v1.0"

[[projects]]
  digest = "1:871ba90172fc6bbc76451ba6c77bcb083a71214432d67eec40207848ca436b3b"
  name = "github.com/jaffee/commandeer"
  packages = [
    ".",
    "cobrafy",
  ]
  pruneopts = "UT"
  revision = "d0012ff26169b05dca5c14910d9415ae389efb8e"
  version = "v0.1.0"

[[projects]]
  digest = "1:c7fb530facbac057a5d8ecde041efd8ddde427dbf11f890c4c2b7748b3971265"
  name = "github.com/pilosa/go-pilosa"
  packages = [
    ".",
    "gopilosa_pbuf",
  ]
  pruneopts = "UT"
  revision = "5dc3944939371328f7d96be993f6e252fe973f18"
  version = "v1.2.0"

[[projects]]
  branch = "master"
  digest = "1:58f3ff2a62378311e3cfdd22c64971c4549a3a14680d3d13ebe0b9fe10a74f22"
  name = "github.com/pilosa/pdk"
  packages = [
    ".",
    "leveldb",
    "termstat",
  ]
  pruneopts = "UT"
  revision = "ba6522c5be2ff35e8bed44a75ba2468d07a9a0d7"

[[projects]]
  branch = "master"
  digest = "1:c535844c37ee720d0bc60a10d9044964a2a4356fbb5ee055ab65b990a31ef841"
  name = "github.com/pilosa/pilosa"
  packages = [
    ".",
    "internal",
    "logger",
    "lru",
    "pql",
    "roaring",
    "stats",
    "tracing",
  ]
  pruneopts = "UT"
  revision = "5b43c9076202c43f5c49fbb542c9b9eded4b2feb"

[[projects]]
  digest = "1:cf31692c14422fa27c83a05292eb5cbe0fb2775972e8f1f8446a71549bd8980b"
  name = "github.com/pkg/errors"
  packages = ["."]
  pruneopts = "UT"
  revision = "ba968bfe8b2f7e042a574c888954fccecfa385b4"
  version = "v0.8.1"

[[projects]]
  digest = "1:274f67cb6fed9588ea2521ecdac05a6d62a8c51c074c1fccc6a49a40ba80e925"
  name = "github.com/satori/go.uuid"
  packages = ["."]
  pruneopts = "UT"
  revision = "f58768cc1a7a7e77a3bd49e98cdd21419399b6a3"
  version = "v1.2.0"

[[projects]]
  digest = "1:645cabccbb4fa8aab25a956cbcbdf6a6845ca736b2c64e197ca7cbb9d210b939"
  name = "github.com/spf13/cobra"
  packages = ["."]
  pruneopts = "UT"
  revision = "ef82de70bb3f60c65fb8eebacbb2d122ef517385"
  version = "v0.0.3"

[[projects]]
  digest = "1:c1b1102241e7f645bc8e0c22ae352e8f0dc6484b6cb4d132fa9f24174e0119e2"
  name = "github.com/spf13/pflag"
  packages = ["."]
  pruneopts = "UT"
  revision = "298182f68c66c05229eb03ac171abe6e309ee79a"
  version = "v1.0.3"

[[projects]]
  digest = "1:5b180f17d5bc50b765f4dcf0d126c72979531cbbd7f7929bf3edd87fb801ea2d"
  name = "github.com/syndtr/goleveldb"
  packages = [
    "leveldb",
    "leveldb/cache",
    "leveldb/comparer",
    "leveldb/errors",
    "leveldb/filter",
    "leveldb/iterator",
    "leveldb/journal",
    "leveldb/memdb",
    "leveldb/opt",
    "leveldb/storage",
    "leveldb/table",
    "leveldb/util",
  ]
  pruneopts = "UT"
  revision = "9d007e481048296f09f59bd19bb7ae584563cd95"
  version = "v1.0.0"

[[projects]]
  branch = "master"
  digest = "1:b521f10a2d8fa85c04a8ef4e62f2d1e14d303599a55d64dabf9f5a02f84d35eb"
  name = "golang.org/x/sync"
  packages = ["errgroup"]
  pruneopts = "UT"
  revision = "37e7f081c4d4c64e13b10787722085407fe5d15f"

[solve-meta]
  analyzer-name = "dep"
  analyzer-version = 1
  input-imports = [
    "github.com/google/gopacket",
    "github.com/google/gopacket/layers",
    "github.com/google/gopacket/pcap",
    "github.com/jaffee/commandeer/cobrafy",
    "github.com/pilosa/pdk",
    "github.com/pilosa/pdk/leveldb",
    "github.com/pkg/errors",
  ]
  solver-name = "gps-cdcl"
  solver-version = 1
